# This file was autogenerated by Stack.
# You should not edit this file by hand.
# For more information, please see the documentation at:
#   https://docs.haskellstack.org/en/stable/lock_files

packages:
- completed:
    hackage: readline-1.0.3.0@sha256:db011062b90fbfbbc8b02666d835742c1d4de1f990a89fc056ef8082f3e3cba0,912
    pantry-tree:
      size: 818
      sha256: 661af71986cae04cb7dbffc3b0557ca94cf9e87ba163c70e91c59f4c5eaf5e64
  original:
    hackage: readline-1.0.3.0
snapshots:
- completed:
    size: 524163
    url: https://raw.githubusercontent.com/commercialhaskell/stackage-snapshots/master/lts/14/25.yaml
    sha256: 97548b4e927a8a862d4a203687ca18a3f5d2ae75b4b72c946fb29c17df1a5082
  original: lts-14.25
